{
  "name": "next-mongodb-api",
  "version": "1.0.0",
  "lockfileVersion": 3,
  "requires": true,
  "packages": {
    "": {
      "name": "next-mongodb-api",
      "version": "1.0.0",
      "license": "ISC",
      "dependencies": {
        "@types/node": "^20.11.13",
        "dotenv": "^16.4.1"
      }
    },
    "node_modules/@types/node": {
      "version": "20.11.13",
      "resolved": "https://registry.npmjs.org/@types/node/-/node-20.11.13.tgz",
      "integrity": "sha512-5G4zQwdiQBSWYTDAH1ctw2eidqdhMJaNsiIDKHFr55ihz5Trl2qqR8fdrT732yPBho5gkNxXm67OxWFBqX9aPg==",
      "dependencies": {
        "undici-types": "~5.26.4"
      }
    },
    "node_modules/dotenv": {
      "version": "16.4.1",
      "resolved": "https://registry.npmjs.org/dotenv/-/dotenv-16.4.1.tgz",
      "integrity": "sha512-CjA3y+Dr3FyFDOAMnxZEGtnW9KBR2M0JvvUtXNW+dYJL5ROWxP9DUHCwgFqpMk0OXCc0ljhaNTr2w/kutYIcHQ==",
      "engines": {
        "node": ">=12"
      },
      "funding": {
        "url": "https://github.com/motdotla/dotenv?sponsor=1"
      }
    },
    "node_modules/undici-types": {
      "version": "5.26.5",
      "resolved": "https://registry.npmjs.org/undici-types/-/undici-types-5.26.5.tgz",
      "integrity": "sha512-JlCMO+ehdEIKqlFxk6IfVoAUVmgz7cU7zD/h9XZ0qzeosSHmUJVOzSQvvYSYWXkFXC+IfLKSIffhv0sVZup6pA=="
    }
  }
}
